
Microsoft Visual Studio Solution File, Format Version 12.00
# Visual Studio Version 16
VisualStudioVersion = 16.0.30002.166
MinimumVisualStudioVersion = 10.0.40219.1
Project("{888888A0-9F3D-457C-B088-3A5042F75D52}") = "MetersDjangoServer", "MetersDjangoServer.pyproj", "{156AC24B-0092-4642-8D05-C17FC814D2A1}"
EndProject
Global
	GlobalSection(SolutionConfigurationPlatforms) = preSolution
		Debug|Any CPU = Debug|Any CPU
		Release|Any CPU = Release|Any CPU
	EndGlobalSection
	GlobalSection(ProjectConfigurationPlatforms) = postSolution
		{156AC24B-0092-4642-8D05-C17FC814D2A1}.Debug|Any CPU.ActiveCfg = Debug|Any CPU
		{156AC24B-0092-4642-8D05-C17FC814D2A1}.Debug|Any CPU.Build.0 = Debug|Any CPU
		{156AC24B-0092-4642-8D05-C17FC814D2A1}.Release|Any CPU.ActiveCfg = Release|Any CPU
		{156AC24B-0092-4642-8D05-C17FC814D2A1}.Release|Any CPU.Build.0 = Release|Any CPU
	EndGlobalSection
	GlobalSection(SolutionProperties) = preSolution
		HideSolutionNode = FALSE
	EndGlobalSection
	GlobalSection(ExtensibilityGlobals) = postSolution
		SolutionGuid = {FF121525-DF9D-4B36-8762-27EC1DB082FF}
	EndGlobalSection
EndGlobal
